
Microsoft Visual Studio Solution File, Format Version 12.00
# Visual Studio Version 17
VisualStudioVersion = 17.9.34723.18
MinimumVisualStudioVersion = 10.0.40219.1
Project("{2150E333-8FDC-42A3-9474-1A3956D46DE8}") = "src", "src", "{777C0C19-DBB7-456F-B0DB-FC24741AE84F}"
EndProject
Project("{9A19103F-16F7-4668-BE54-9A1E7A4F7556}") = "Infrastructure", "Infrastructure\Infrastructure.csproj", "{18754D1D-644B-4A01-A9B3-D10551BD8548}"
EndProject
Project("{9A19103F-16F7-4668-BE54-9A1E7A4F7556}") = "Application.Share", "Application.Share\Application.Share.csproj", "{3E061114-FB4D-4271-A2BA-913C7287AF4B}"
EndProject
Project("{9A19103F-16F7-4668-BE54-9A1E7A4F7556}") = "User", "UserService\User.csproj", "{1DE42020-A82A-4A80-B387-4A3B5D751085}"
EndProject
Project("{9A19103F-16F7-4668-BE54-9A1E7A4F7556}") = "ECommerce.Web.Core", "ECommerce.Web.Core\ECommerce.Web.Core.csproj", "{3AB51FF7-D071-4D78-BC49-1D34F4990083}"
EndProject
Project("{9A19103F-16F7-4668-BE54-9A1E7A4F7556}") = "Address", "Address\Address.csproj", "{C6B9FC2D-C7D2-4529-BCC3-CEE570DDB87D}"
EndProject
Project("{9A19103F-16F7-4668-BE54-9A1E7A4F7556}") = "Admin", "Admin\Admin.csproj", "{3306C538-7135-4B3B-9232-79A72D3269B0}"
EndProject
Project("{9A19103F-16F7-4668-BE54-9A1E7A4F7556}") = "Brand", "Brand\Brand.csproj", "{AB6CBA22-6445-4FDD-B450-531F77F3C755}"
EndProject
Project("{9A19103F-16F7-4668-BE54-9A1E7A4F7556}") = "Category", "Category\Category.csproj", "{F9038E7C-0765-4F4B-87FF-F1B1315672F9}"
EndProject
Project("{9A19103F-16F7-4668-BE54-9A1E7A4F7556}") = "Product", "Product\Product.csproj", "{2EC89DDA-B05F-4705-A171-83EBE22081C2}"
EndProject
Project("{9A19103F-16F7-4668-BE54-9A1E7A4F7556}") = "Wish-list", "Wish-list\Wish-list.csproj", "{D6E66651-23C4-4234-8C5F-D05E7EFB88B0}"
EndProject
Project("{9A19103F-16F7-4668-BE54-9A1E7A4F7556}") = "Contact", "Contact\Contact.csproj", "{F1883960-E010-489F-974F-099CE97EB042}"
EndProject
Project("{9A19103F-16F7-4668-BE54-9A1E7A4F7556}") = "Menu", "Menu\Menu.csproj", "{F1F32BE5-2CEA-4980-B5D7-5E63D432DBBF}"
EndProject
Project("{9A19103F-16F7-4668-BE54-9A1E7A4F7556}") = "Order", "Order\Order.csproj", "{FABC2AB5-6C7D-4AAF-9AAE-D91DC407F019}"
EndProject
Project("{FAE04EC0-301F-11D3-BF4B-00C04F79EFBC}") = "Cart", "Cart\Cart.csproj", "{ABB9B848-9594-4973-970E-6582576C0C82}"
EndProject
Global
	GlobalSection(SolutionConfigurationPlatforms) = preSolution
		Debug|Any CPU = Debug|Any CPU
		Release|Any CPU = Release|Any CPU
	EndGlobalSection
	GlobalSection(ProjectConfigurationPlatforms) = postSolution
		{18754D1D-644B-4A01-A9B3-D10551BD8548}.Debug|Any CPU.ActiveCfg = Debug|Any CPU
		{18754D1D-644B-4A01-A9B3-D10551BD8548}.Debug|Any CPU.Build.0 = Debug|Any CPU
		{18754D1D-644B-4A01-A9B3-D10551BD8548}.Release|Any CPU.ActiveCfg = Release|Any CPU
		{18754D1D-644B-4A01-A9B3-D10551BD8548}.Release|Any CPU.Build.0 = Release|Any CPU
		{3E061114-FB4D-4271-A2BA-913C7287AF4B}.Debug|Any CPU.ActiveCfg = Debug|Any CPU
		{3E061114-FB4D-4271-A2BA-913C7287AF4B}.Debug|Any CPU.Build.0 = Debug|Any CPU
		{3E061114-FB4D-4271-A2BA-913C7287AF4B}.Release|Any CPU.ActiveCfg = Release|Any CPU
		{3E061114-FB4D-4271-A2BA-913C7287AF4B}.Release|Any CPU.Build.0 = Release|Any CPU
		{1DE42020-A82A-4A80-B387-4A3B5D751085}.Debug|Any CPU.ActiveCfg = Debug|Any CPU
		{1DE42020-A82A-4A80-B387-4A3B5D751085}.Debug|Any CPU.Build.0 = Debug|Any CPU
		{1DE42020-A82A-4A80-B387-4A3B5D751085}.Release|Any CPU.ActiveCfg = Release|Any CPU
		{1DE42020-A82A-4A80-B387-4A3B5D751085}.Release|Any CPU.Build.0 = Release|Any CPU
		{3AB51FF7-D071-4D78-BC49-1D34F4990083}.Debug|Any CPU.ActiveCfg = Debug|Any CPU
		{3AB51FF7-D071-4D78-BC49-1D34F4990083}.Debug|Any CPU.Build.0 = Debug|Any CPU
		{3AB51FF7-D071-4D78-BC49-1D34F4990083}.Release|Any CPU.ActiveCfg = Release|Any CPU
		{3AB51FF7-D071-4D78-BC49-1D34F4990083}.Release|Any CPU.Build.0 = Release|Any CPU
		{C6B9FC2D-C7D2-4529-BCC3-CEE570DDB87D}.Debug|Any CPU.ActiveCfg = Debug|Any CPU
		{C6B9FC2D-C7D2-4529-BCC3-CEE570DDB87D}.Debug|Any CPU.Build.0 = Debug|Any CPU
		{C6B9FC2D-C7D2-4529-BCC3-CEE570DDB87D}.Release|Any CPU.ActiveCfg = Release|Any CPU
		{C6B9FC2D-C7D2-4529-BCC3-CEE570DDB87D}.Release|Any CPU.Build.0 = Release|Any CPU
		{3306C538-7135-4B3B-9232-79A72D3269B0}.Debug|Any CPU.ActiveCfg = Debug|Any CPU
		{3306C538-7135-4B3B-9232-79A72D3269B0}.Debug|Any CPU.Build.0 = Debug|Any CPU
		{3306C538-7135-4B3B-9232-79A72D3269B0}.Release|Any CPU.ActiveCfg = Release|Any CPU
		{3306C538-7135-4B3B-9232-79A72D3269B0}.Release|Any CPU.Build.0 = Release|Any CPU
		{AB6CBA22-6445-4FDD-B450-531F77F3C755}.Debug|Any CPU.ActiveCfg = Debug|Any CPU
		{AB6CBA22-6445-4FDD-B450-531F77F3C755}.Debug|Any CPU.Build.0 = Debug|Any CPU
		{AB6CBA22-6445-4FDD-B450-531F77F3C755}.Release|Any CPU.ActiveCfg = Release|Any CPU
		{AB6CBA22-6445-4FDD-B450-531F77F3C755}.Release|Any CPU.Build.0 = Release|Any CPU
		{F9038E7C-0765-4F4B-87FF-F1B1315672F9}.Debug|Any CPU.ActiveCfg = Debug|Any CPU
		{F9038E7C-0765-4F4B-87FF-F1B1315672F9}.Debug|Any CPU.Build.0 = Debug|Any CPU
		{F9038E7C-0765-4F4B-87FF-F1B1315672F9}.Release|Any CPU.ActiveCfg = Release|Any CPU
		{F9038E7C-0765-4F4B-87FF-F1B1315672F9}.Release|Any CPU.Build.0 = Release|Any CPU
		{2EC89DDA-B05F-4705-A171-83EBE22081C2}.Debug|Any CPU.ActiveCfg = Debug|Any CPU
		{2EC89DDA-B05F-4705-A171-83EBE22081C2}.Debug|Any CPU.Build.0 = Debug|Any CPU
		{2EC89DDA-B05F-4705-A171-83EBE22081C2}.Release|Any CPU.ActiveCfg = Release|Any CPU
		{2EC89DDA-B05F-4705-A171-83EBE22081C2}.Release|Any CPU.Build.0 = Release|Any CPU
		{D6E66651-23C4-4234-8C5F-D05E7EFB88B0}.Debug|Any CPU.ActiveCfg = Debug|Any CPU
		{D6E66651-23C4-4234-8C5F-D05E7EFB88B0}.Debug|Any CPU.Build.0 = Debug|Any CPU
		{D6E66651-23C4-4234-8C5F-D05E7EFB88B0}.Release|Any CPU.ActiveCfg = Release|Any CPU
		{D6E66651-23C4-4234-8C5F-D05E7EFB88B0}.Release|Any CPU.Build.0 = Release|Any CPU
		{F1883960-E010-489F-974F-099CE97EB042}.Debug|Any CPU.ActiveCfg = Debug|Any CPU
		{F1883960-E010-489F-974F-099CE97EB042}.Debug|Any CPU.Build.0 = Debug|Any CPU
		{F1883960-E010-489F-974F-099CE97EB042}.Release|Any CPU.ActiveCfg = Release|Any CPU
		{F1883960-E010-489F-974F-099CE97EB042}.Release|Any CPU.Build.0 = Release|Any CPU
		{F1F32BE5-2CEA-4980-B5D7-5E63D432DBBF}.Debug|Any CPU.ActiveCfg = Debug|Any CPU
		{F1F32BE5-2CEA-4980-B5D7-5E63D432DBBF}.Debug|Any CPU.Build.0 = Debug|Any CPU
		{F1F32BE5-2CEA-4980-B5D7-5E63D432DBBF}.Release|Any CPU.ActiveCfg = Release|Any CPU
		{F1F32BE5-2CEA-4980-B5D7-5E63D432DBBF}.Release|Any CPU.Build.0 = Release|Any CPU
		{FABC2AB5-6C7D-4AAF-9AAE-D91DC407F019}.Debug|Any CPU.ActiveCfg = Debug|Any CPU
		{FABC2AB5-6C7D-4AAF-9AAE-D91DC407F019}.Debug|Any CPU.Build.0 = Debug|Any CPU
		{FABC2AB5-6C7D-4AAF-9AAE-D91DC407F019}.Release|Any CPU.ActiveCfg = Release|Any CPU
		{FABC2AB5-6C7D-4AAF-9AAE-D91DC407F019}.Release|Any CPU.Build.0 = Release|Any CPU
		{ABB9B848-9594-4973-970E-6582576C0C82}.Debug|Any CPU.ActiveCfg = Debug|Any CPU
		{ABB9B848-9594-4973-970E-6582576C0C82}.Debug|Any CPU.Build.0 = Debug|Any CPU
		{ABB9B848-9594-4973-970E-6582576C0C82}.Release|Any CPU.ActiveCfg = Release|Any CPU
		{ABB9B848-9594-4973-970E-6582576C0C82}.Release|Any CPU.Build.0 = Release|Any CPU
	EndGlobalSection
	GlobalSection(SolutionProperties) = preSolution
		HideSolutionNode = FALSE
	EndGlobalSection
	GlobalSection(NestedProjects) = preSolution
		{1DE42020-A82A-4A80-B387-4A3B5D751085} = {777C0C19-DBB7-456F-B0DB-FC24741AE84F}
		{C6B9FC2D-C7D2-4529-BCC3-CEE570DDB87D} = {777C0C19-DBB7-456F-B0DB-FC24741AE84F}
		{3306C538-7135-4B3B-9232-79A72D3269B0} = {777C0C19-DBB7-456F-B0DB-FC24741AE84F}
		{AB6CBA22-6445-4FDD-B450-531F77F3C755} = {777C0C19-DBB7-456F-B0DB-FC24741AE84F}
		{F9038E7C-0765-4F4B-87FF-F1B1315672F9} = {777C0C19-DBB7-456F-B0DB-FC24741AE84F}
		{2EC89DDA-B05F-4705-A171-83EBE22081C2} = {777C0C19-DBB7-456F-B0DB-FC24741AE84F}
		{D6E66651-23C4-4234-8C5F-D05E7EFB88B0} = {777C0C19-DBB7-456F-B0DB-FC24741AE84F}
		{F1883960-E010-489F-974F-099CE97EB042} = {777C0C19-DBB7-456F-B0DB-FC24741AE84F}
		{F1F32BE5-2CEA-4980-B5D7-5E63D432DBBF} = {777C0C19-DBB7-456F-B0DB-FC24741AE84F}
		{FABC2AB5-6C7D-4AAF-9AAE-D91DC407F019} = {777C0C19-DBB7-456F-B0DB-FC24741AE84F}
		{ABB9B848-9594-4973-970E-6582576C0C82} = {777C0C19-DBB7-456F-B0DB-FC24741AE84F}
	EndGlobalSection
	GlobalSection(ExtensibilityGlobals) = postSolution
		SolutionGuid = {FA2E92E0-3FF0-49F7-A41A-0227618D1CFA}
	EndGlobalSection
EndGlobal
